
Microsoft Visual Studio Solution File, Format Version 12.00
# Visual Studio Version 17
VisualStudioVersion = 17.14.36908.2 d17.14
MinimumVisualStudioVersion = 10.0.40219.1
Project("{FAE04EC0-301F-11D3-BF4B-00C04F79EFBC}") = "Library.MVC", "Library.MVC\Library.MVC.csproj", "{42F4C1D6-6F03-4B55-BD0C-4ACB6C97DF43}"
EndProject
Project("{FAE04EC0-301F-11D3-BF4B-00C04F79EFBC}") = "Library.Domain", "Library.Domain\Library.Domain.csproj", "{3FF3D955-08E6-45B7-B75D-89BF2D2F709E}"
EndProject
Project("{FAE04EC0-301F-11D3-BF4B-00C04F79EFBC}") = "Library.Tests", "Library.Tests\Library.Tests.csproj", "{70961D78-96AF-4E3C-86B2-691712630774}"
EndProject
Global
	GlobalSection(SolutionConfigurationPlatforms) = preSolution
		Debug|Any CPU = Debug|Any CPU
		Release|Any CPU = Release|Any CPU
	EndGlobalSection
	GlobalSection(ProjectConfigurationPlatforms) = postSolution
		{42F4C1D6-6F03-4B55-BD0C-4ACB6C97DF43}.Debug|Any CPU.ActiveCfg = Debug|Any CPU
		{42F4C1D6-6F03-4B55-BD0C-4ACB6C97DF43}.Debug|Any CPU.Build.0 = Debug|Any CPU
		{42F4C1D6-6F03-4B55-BD0C-4ACB6C97DF43}.Release|Any CPU.ActiveCfg = Release|Any CPU
		{42F4C1D6-6F03-4B55-BD0C-4ACB6C97DF43}.Release|Any CPU.Build.0 = Release|Any CPU
		{3FF3D955-08E6-45B7-B75D-89BF2D2F709E}.Debug|Any CPU.ActiveCfg = Debug|Any CPU
		{3FF3D955-08E6-45B7-B75D-89BF2D2F709E}.Debug|Any CPU.Build.0 = Debug|Any CPU
		{3FF3D955-08E6-45B7-B75D-89BF2D2F709E}.Release|Any CPU.ActiveCfg = Release|Any CPU
		{3FF3D955-08E6-45B7-B75D-89BF2D2F709E}.Release|Any CPU.Build.0 = Release|Any CPU
		{70961D78-96AF-4E3C-86B2-691712630774}.Debug|Any CPU.ActiveCfg = Debug|Any CPU
		{70961D78-96AF-4E3C-86B2-691712630774}.Debug|Any CPU.Build.0 = Debug|Any CPU
		{70961D78-96AF-4E3C-86B2-691712630774}.Release|Any CPU.ActiveCfg = Release|Any CPU
		{70961D78-96AF-4E3C-86B2-691712630774}.Release|Any CPU.Build.0 = Release|Any CPU
	EndGlobalSection
	GlobalSection(SolutionProperties) = preSolution
		HideSolutionNode = FALSE
	EndGlobalSection
	GlobalSection(ExtensibilityGlobals) = postSolution
		SolutionGuid = {AA866AB6-BD21-406D-A836-EC9E79157787}
	EndGlobalSection
EndGlobal
